
Microsoft Visual Studio Solution File, Format Version 12.00
# Visual Studio Version 17
VisualStudioVersion = 17.1.32328.378
MinimumVisualStudioVersion = 10.0.40219.1
Project("{FAE04EC0-301F-11D3-BF4B-00C04F79EFBC}") = "Firebank", "Firebank.csproj", "{A93C14BE-B257-4217-8C1B-30A8D17EA5FB}"
EndProject
Global
	GlobalSection(SolutionConfigurationPlatforms) = preSolution
		Debug|Any CPU = Debug|Any CPU
		Release|Any CPU = Release|Any CPU
	EndGlobalSection
	GlobalSection(ProjectConfigurationPlatforms) = postSolution
		{A93C14BE-B257-4217-8C1B-30A8D17EA5FB}.Debug|Any CPU.ActiveCfg = Debug|Any CPU
		{A93C14BE-B257-4217-8C1B-30A8D17EA5FB}.Debug|Any CPU.Build.0 = Debug|Any CPU
		{A93C14BE-B257-4217-8C1B-30A8D17EA5FB}.Release|Any CPU.ActiveCfg = Release|Any CPU
		{A93C14BE-B257-4217-8C1B-30A8D17EA5FB}.Release|Any CPU.Build.0 = Release|Any CPU
	EndGlobalSection
	GlobalSection(SolutionProperties) = preSolution
		HideSolutionNode = FALSE
	EndGlobalSection
	GlobalSection(ExtensibilityGlobals) = postSolution
		SolutionGuid = {27BA966F-BE9D-4A6C-AEB2-C9C775F227EF}
	EndGlobalSection
EndGlobal
